dependencies:
  '@googlemaps/js-api-loader': 1.11.1
  faker: 5.3.1
devDependencies:
  '@snowpack/plugin-typescript': 1.2.1_typescript@4.1.3
  '@types/faker': 5.1.6
  '@types/googlemaps': 3.43.2
  '@types/snowpack-env': 2.3.3
  snowpack: 3.0.11
  typescript: 4.1.3
lockfileVersion: 5.2
packages:
  /@googlemaps/js-api-loader/1.11.1:
    dependencies:
      fast-deep-equal: 3.1.3
    dev: false
    resolution:
      integrity: sha512-2ug4uBu0onRXTAo7Yxkay5N7pdNIz3XpTElMTLdCtEfQDxikbjeR6GS8atVhblX+ubFBNlXvDzz7VtuXv0vMRQ==
  /@snowpack/plugin-typescript/1.2.1_typescript@4.1.3:
    dependencies:
      execa: 5.0.0
      npm-run-path: 4.0.1
      typescript: 4.1.3
    dev: true
    peerDependencies:
      typescript: '*'
    resolution:
      integrity: sha512-wU+JNaMVkqGsqTaUY7TnEMhGt/3URTgA9dpMCtZX6wn/ceA7Gwlmue/sOLynf0OTNLygHPvjiQECQYkEi3LTtg==
  /@types/faker/5.1.6:
    dev: true
    resolution:
      integrity: sha512-D+gfFWR/YCvlrYL8lgNZO1jKgIUW+cfhxsgMOqUMYwCI+tl0htD7vCCXp/oJsIxJpxuI7zqmo3gpVQBkFCM4iA==
  /@types/googlemaps/3.43.2:
    dev: true
    resolution:
      integrity: sha512-qiu5rms7+bgLciKAXpRsxVB1P+Z6gbSxuO8tZfdyQV2k5e5L/7GjUI6Z69rMR+7YFmqU9vwOUglLQ6NJyP/K8g==
  /@types/snowpack-env/2.3.3:
    dev: true
    resolution:
      integrity: sha512-riJuu2fR3qhBfpWJtqQtNwYJFvquiXfqdprXvZjSNmscnZbIVyHoM49ZVEM1bciKM1mWOCdjXymOYHyGh2WLtg==
  /cross-spawn/7.0.3:
    dependencies:
      path-key: 3.1.1
      shebang-command: 2.0.0
      which: 2.0.2
    dev: true
    engines:
      node: '>= 8'
    resolution:
      integrity: sha512-iRDPJKUPVEND7dHPO8rkbOnPpyDygcDFtWjpeWNCgy8WP2rXcxXL8TskReQl6OrB2G7+UJrags1q15Fudc7G6w==
  /esbuild/0.8.42:
    dev: true
    hasBin: true
    requiresBuild: true
    resolution:
      integrity: sha512-zUtj5RMqROCCCH0vV/a7cd8YQg8I0GWBhV3A3PklWRT+oM/YwVbnrtFnITzE1otGdnXplWHWdZ4OcYiV0PN+JQ==
  /execa/5.0.0:
    dependencies:
      cross-spawn: 7.0.3
      get-stream: 6.0.0
      human-signals: 2.1.0
      is-stream: 2.0.0
      merge-stream: 2.0.0
      npm-run-path: 4.0.1
      onetime: 5.1.2
      signal-exit: 3.0.3
      strip-final-newline: 2.0.0
    dev: true
    engines:
      node: '>=10'
    resolution:
      integrity: sha512-ov6w/2LCiuyO4RLYGdpFGjkcs0wMTgGE8PrkTHikeUy5iJekXyPIKUjifk5CsE0pt7sMCrMZ3YNqoCj6idQOnQ==
  /faker/5.3.1:
    dev: false
    resolution:
      integrity: sha512-sVdoApX/awJHO9DZHZsHVaJBNFiJW0n3lPs0q/nFxp/Mtya1dr2sCMktST3mdxNMHjkvKTTMAW488E+jH1eSbg==
  /fast-deep-equal/3.1.3:
    dev: false
    resolution:
      integrity: sha512-f3qQ9oQy9j2AhBe/H9VC91wLmKBCCU/gDOnKNAYG5hswO7BLKj09Hc5HYNz9cGI++xlpDCIgDaitVs03ATR84Q==
  /fsevents/2.3.2:
    dev: true
    engines:
      node: ^8.16.0 || ^10.6.0 || >=11.0.0
    optional: true
    os:
      - darwin
    resolution:
      integrity: sha512-xiqMQR4xAeHTuB9uWm+fFRcIOgKBMiOBP+eXiyT7jsgVCq1bkVygt00oASowB7EdtpOHaaPgKt812P9ab+DDKA==
  /get-stream/6.0.0:
    dev: true
    engines:
      node: '>=10'
    resolution:
      integrity: sha512-A1B3Bh1UmL0bidM/YX2NsCOTnGJePL9rO/M+Mw3m9f2gUpfokS0hi5Eah0WSUEWZdZhIZtMjkIYS7mDfOqNHbg==
  /human-signals/2.1.0:
    dev: true
    engines:
      node: '>=10.17.0'
    resolution:
      integrity: sha512-B4FFZ6q/T2jhhksgkbEW3HBvWIfDW85snkQgawt07S7J5QXTk6BkNV+0yAeZrM5QpMAdYlocGoljn0sJ/WQkFw==
  /is-docker/2.1.1:
    dev: true
    engines:
      node: '>=8'
    hasBin: true
    resolution:
      integrity: sha512-ZOoqiXfEwtGknTiuDEy8pN2CfE3TxMHprvNer1mXiqwkOT77Rw3YVrUQ52EqAOU3QAWDQ+bQdx7HJzrv7LS2Hw==
  /is-stream/2.0.0:
    dev: true
    engines:
      node: '>=8'
    resolution:
      integrity: sha512-XCoy+WlUr7d1+Z8GgSuXmpuUFC9fOhRXglJMx+dwLKTkL44Cjd4W1Z5P+BQZpr+cR93aGP4S/s7Ftw6Nd/kiEw==
  /is-wsl/2.2.0:
    dependencies:
      is-docker: 2.1.1
    dev: true
    engines:
      node: '>=8'
    resolution:
      integrity: sha512-fKzAra0rGJUUBwGBgNkHZuToZcn+TtXHpeCgmkMJMMYx1sQDYaCSyjJBSCa2nH1DGm7s3n1oBnohoVTBaN7Lww==
  /isexe/2.0.0:
    dev: true
    resolution:
      integrity: sha1-6PvzdNxVb/iUehDcsFctYz8s+hA=
  /merge-stream/2.0.0:
    dev: true
    resolution:
      integrity: sha512-abv/qOcuPfk3URPfDzmZU1LKmuw8kT+0nIHvKrKgFrwifol/doWcdA4ZqsWQ8ENrFKkd67Mfpo/LovbIUsbt3w==
  /mimic-fn/2.1.0:
    dev: true
    engines:
      node: '>=6'
    resolution:
      integrity: sha512-OqbOk5oEQeAZ8WXWydlu9HJjz9WVdEIvamMCcXmuqUYjTknH/sqsWvhQ3vgwKFRR1HpjvNBKQ37nbJgYzGqGcg==
  /npm-run-path/4.0.1:
    dependencies:
      path-key: 3.1.1
    dev: true
    engines:
      node: '>=8'
    resolution:
      integrity: sha512-S48WzZW777zhNIrn7gxOlISNAqi9ZC/uQFnRdbeIHhZhCA6UqpkOT8T1G7BvfdgP4Er8gF4sUbaS0i7QvIfCWw==
  /onetime/5.1.2:
    dependencies:
      mimic-fn: 2.1.0
    dev: true
    engines:
      node: '>=6'
    resolution:
      integrity: sha512-kbpaSSGJTWdAY5KPVeMOKXSrPtr8C8C7wodJbcsd51jRnmD+GZu8Y0VoU6Dm5Z4vWr0Ig/1NKuWRKf7j5aaYSg==
  /open/7.4.0:
    dependencies:
      is-docker: 2.1.1
      is-wsl: 2.2.0
    dev: true
    engines:
      node: '>=8'
    resolution:
      integrity: sha512-PGoBCX/lclIWlpS/R2PQuIR4NJoXh6X5AwVzE7WXnWRGvHg7+4TBCgsujUgiPpm0K1y4qvQeWnCWVTpTKZBtvA==
  /path-key/3.1.1:
    dev: true
    engines:
      node: '>=8'
    resolution:
      integrity: sha512-ojmeN0qd+y0jszEtoY48r0Peq5dwMEkIlCOu6Q5f41lfkswXuKtYrhgoTpLnyIcHm24Uhqx+5Tqm2InSwLhE6Q==
  /rollup/2.38.5:
    dev: true
    engines:
      node: '>=10.0.0'
    hasBin: true
    optionalDependencies:
      fsevents: 2.3.2
    resolution:
      integrity: sha512-VoWt8DysFGDVRGWuHTqZzT02J0ASgjVq/hPs9QcBOGMd7B+jfTr/iqMVEyOi901rE3xq+Deq66GzIT1yt7sGwQ==
  /shebang-command/2.0.0:
    dependencies:
      shebang-regex: 3.0.0
    dev: true
    engines:
      node: '>=8'
    resolution:
      integrity: sha512-kHxr2zZpYtdmrN1qDjrrX/Z1rR1kG8Dx+gkpK1G4eXmvXswmcE1hTWBWYUzlraYw1/yZp6YuDY77YtvbN0dmDA==
  /shebang-regex/3.0.0:
    dev: true
    engines:
      node: '>=8'
    resolution:
      integrity: sha512-7++dFhtcx3353uBaq8DDR4NuxBetBzC7ZQOhmTQInHEd6bSrXdiEyzCvG07Z44UYdLShWUyXt5M/yhz8ekcb1A==
  /signal-exit/3.0.3:
    dev: true
    resolution:
      integrity: sha512-VUJ49FC8U1OxwZLxIbTTrDvLnf/6TDgxZcK8wxR8zs13xpx7xbG60ndBlhNrFi2EMuFRoeDoJO7wthSLq42EjA==
  /snowpack/3.0.11:
    dependencies:
      esbuild: 0.8.42
      open: 7.4.0
      rollup: 2.38.5
    dev: true
    engines:
      node: '>=10.19.0'
    hasBin: true
    optionalDependencies:
      fsevents: 2.3.2
    resolution:
      integrity: sha512-lBxgkvWTgdg0szE31JUt01wQkA9Lnmm+6lxqeV9rxDfflpx7ASnldVHFvu7Se70QJmPTQB0UJjfKI+xmYGwiiQ==
  /strip-final-newline/2.0.0:
    dev: true
    engines:
      node: '>=6'
    resolution:
      integrity: sha512-BrpvfNAE3dcvq7ll3xVumzjKjZQ5tI1sEUIKr3Uoks0XUl45St3FlatVqef9prk4jRDzhW6WZg+3bk93y6pLjA==
  /typescript/4.1.3:
    dev: true
    engines:
      node: '>=4.2.0'
    hasBin: true
    resolution:
      integrity: sha512-B3ZIOf1IKeH2ixgHhj6la6xdwR9QrLC5d1VKeCSY4tvkqhF2eqd9O7txNlS0PO3GrBAFIdr3L1ndNwteUbZLYg==
  /which/2.0.2:
    dependencies:
      isexe: 2.0.0
    dev: true
    engines:
      node: '>= 8'
    hasBin: true
    resolution:
      integrity: sha512-BLI3Tl1TW3Pvl70l3yq3Y64i+awpwXqsGBYWkkqMtnbXgrMD+yj7rhW0kuEDxzJaYXGjEW5ogapKNMEKNMjibA==
specifiers:
  '@googlemaps/js-api-loader': ^1.11.1
  '@snowpack/plugin-typescript': ^1.2.1
  '@types/faker': ^5.1.6
  '@types/googlemaps': ^3.43.2
  '@types/snowpack-env': ^2.3.3
  faker: ^5.3.1
  snowpack: ^3.0.11
  typescript: ^4.1.3
